
Microsoft Visual Studio Solution File, Format Version 12.00
# Visual Studio 15
VisualStudioVersion = 15.0.27004.2002
MinimumVisualStudioVersion = 10.0.40219.1
Project("{FAE04EC0-301F-11D3-BF4B-00C04F79EFBC}") = "VirtualEarthServer", "VirtualEarthServer.csproj", "{AFD0CE64-3462-4AAC-968B-6503FCA8271A}"
EndProject
Global
	GlobalSection(SolutionConfigurationPlatforms) = preSolution
		Debug|Any CPU = Debug|Any CPU
		Release|Any CPU = Release|Any CPU
	EndGlobalSection
	GlobalSection(ProjectConfigurationPlatforms) = postSolution
		{AFD0CE64-3462-4AAC-968B-6503FCA8271A}.Debug|Any CPU.ActiveCfg = Debug|Any CPU
		{AFD0CE64-3462-4AAC-968B-6503FCA8271A}.Debug|Any CPU.Build.0 = Debug|Any CPU
		{AFD0CE64-3462-4AAC-968B-6503FCA8271A}.Release|Any CPU.ActiveCfg = Release|Any CPU
		{AFD0CE64-3462-4AAC-968B-6503FCA8271A}.Release|Any CPU.Build.0 = Release|Any CPU
	EndGlobalSection
	GlobalSection(SolutionProperties) = preSolution
		HideSolutionNode = FALSE
	EndGlobalSection
	GlobalSection(ExtensibilityGlobals) = postSolution
		SolutionGuid = {B2A937DB-6A02-45F0-986A-690C16CC64FF}
	EndGlobalSection
EndGlobal
