
Microsoft Visual Studio Solution File, Format Version 12.00
# Visual Studio 15
VisualStudioVersion = 15.0.27004.2002
MinimumVisualStudioVersion = 10.0.40219.1
Project("{FAE04EC0-301F-11D3-BF4B-00C04F79EFBC}") = "OpenStreetMapServer", "OpenStreetMapServer.csproj", "{E7704712-C535-43BC-B196-D1E796F4324E}"
EndProject
Global
	GlobalSection(SolutionConfigurationPlatforms) = preSolution
		Debug|Any CPU = Debug|Any CPU
		Release|Any CPU = Release|Any CPU
	EndGlobalSection
	GlobalSection(ProjectConfigurationPlatforms) = postSolution
		{E7704712-C535-43BC-B196-D1E796F4324E}.Debug|Any CPU.ActiveCfg = Debug|Any CPU
		{E7704712-C535-43BC-B196-D1E796F4324E}.Debug|Any CPU.Build.0 = Debug|Any CPU
		{E7704712-C535-43BC-B196-D1E796F4324E}.Release|Any CPU.ActiveCfg = Release|Any CPU
		{E7704712-C535-43BC-B196-D1E796F4324E}.Release|Any CPU.Build.0 = Release|Any CPU
	EndGlobalSection
	GlobalSection(SolutionProperties) = preSolution
		HideSolutionNode = FALSE
	EndGlobalSection
	GlobalSection(ExtensibilityGlobals) = postSolution
		SolutionGuid = {D0D88320-2B6F-443B-B359-8326AE0AE194}
	EndGlobalSection
EndGlobal
